
Microsoft Visual Studio Solution File, Format Version 12.00
# Visual Studio 2013
VisualStudioVersion = 12.0.21005.1
MinimumVisualStudioVersion = 10.0.40219.1
Project("{FAE04EC0-301F-11D3-BF4B-00C04F79EFBC}") = "PredictionLeague.Api", "PredictionLeague.Api\PredictionLeague.Api.csproj", "{8B1B9CD7-6E8E-4BC1-88DC-919BED71BD61}"
EndProject
Project("{FAE04EC0-301F-11D3-BF4B-00C04F79EFBC}") = "PredictionLeague.Data", "PredictionLeague.Data\PredictionLeague.Data.csproj", "{E454060D-BFAF-429F-AF72-8493043C24BA}"
EndProject
Project("{FAE04EC0-301F-11D3-BF4B-00C04F79EFBC}") = "PredictionLeague.Domain", "PredictionLeague.Domain\PredictionLeague.Domain.csproj", "{C2FAED86-CE8C-4E81-B889-344A353B0F19}"
EndProject
Project("{FAE04EC0-301F-11D3-BF4B-00C04F79EFBC}") = "PredictionLeague.DataBaseDeployer", "PredictionLeague.DataBaseDeployer\PredictionLeague.DataBaseDeployer.csproj", "{F9D5DDE9-9FBC-4078-8BEE-196838C52BE7}"
EndProject
Global
	GlobalSection(SolutionConfigurationPlatforms) = preSolution
		Debug|Any CPU = Debug|Any CPU
		Release|Any CPU = Release|Any CPU
	EndGlobalSection
	GlobalSection(ProjectConfigurationPlatforms) = postSolution
		{8B1B9CD7-6E8E-4BC1-88DC-919BED71BD61}.Debug|Any CPU.ActiveCfg = Debug|Any CPU
		{8B1B9CD7-6E8E-4BC1-88DC-919BED71BD61}.Debug|Any CPU.Build.0 = Debug|Any CPU
		{8B1B9CD7-6E8E-4BC1-88DC-919BED71BD61}.Release|Any CPU.ActiveCfg = Release|Any CPU
		{8B1B9CD7-6E8E-4BC1-88DC-919BED71BD61}.Release|Any CPU.Build.0 = Release|Any CPU
		{E454060D-BFAF-429F-AF72-8493043C24BA}.Debug|Any CPU.ActiveCfg = Debug|Any CPU
		{E454060D-BFAF-429F-AF72-8493043C24BA}.Debug|Any CPU.Build.0 = Debug|Any CPU
		{E454060D-BFAF-429F-AF72-8493043C24BA}.Release|Any CPU.ActiveCfg = Release|Any CPU
		{E454060D-BFAF-429F-AF72-8493043C24BA}.Release|Any CPU.Build.0 = Release|Any CPU
		{C2FAED86-CE8C-4E81-B889-344A353B0F19}.Debug|Any CPU.ActiveCfg = Debug|Any CPU
		{C2FAED86-CE8C-4E81-B889-344A353B0F19}.Debug|Any CPU.Build.0 = Debug|Any CPU
		{C2FAED86-CE8C-4E81-B889-344A353B0F19}.Release|Any CPU.ActiveCfg = Release|Any CPU
		{C2FAED86-CE8C-4E81-B889-344A353B0F19}.Release|Any CPU.Build.0 = Release|Any CPU
		{F9D5DDE9-9FBC-4078-8BEE-196838C52BE7}.Debug|Any CPU.ActiveCfg = Debug|Any CPU
		{F9D5DDE9-9FBC-4078-8BEE-196838C52BE7}.Debug|Any CPU.Build.0 = Debug|Any CPU
		{F9D5DDE9-9FBC-4078-8BEE-196838C52BE7}.Release|Any CPU.ActiveCfg = Release|Any CPU
		{F9D5DDE9-9FBC-4078-8BEE-196838C52BE7}.Release|Any CPU.Build.0 = Release|Any CPU
	EndGlobalSection
	GlobalSection(SolutionProperties) = preSolution
		HideSolutionNode = FALSE
	EndGlobalSection
EndGlobal
